
Microsoft Visual Studio Solution File, Format Version 12.00
# Visual Studio Version 17
VisualStudioVersion = 17.0.32014.148
MinimumVisualStudioVersion = 10.0.40219.1
Project("{9A19103F-16F7-4668-BE54-9A1E7A4F7556}") = "LucesCasa.Api", "LucesCasa.Api\LucesCasa.Api.csproj", "{B99FAFD7-F8EE-4085-8ABF-EB2F4801DCA6}"
EndProject
Project("{9A19103F-16F7-4668-BE54-9A1E7A4F7556}") = "LucesCasa.Backend", "LucesCasa.Backend\LucesCasa.Backend.csproj", "{07A35B7D-CF04-4033-A813-F8DBE176D722}"
EndProject
Project("{9A19103F-16F7-4668-BE54-9A1E7A4F7556}") = "LucesCasa.Common", "LucesCasa.Common\LucesCasa.Common.csproj", "{68BAE7F0-32D0-41D7-8BAB-8DE7A2F6411C}"
EndProject
Project("{9A19103F-16F7-4668-BE54-9A1E7A4F7556}") = "LucesCasa.Models", "LucesCasa.Models\LucesCasa.Models.csproj", "{8AC31669-D8DE-460A-84C3-DA19387ECF27}"
EndProject
Global
	GlobalSection(SolutionConfigurationPlatforms) = preSolution
		Debug|Any CPU = Debug|Any CPU
		Release|Any CPU = Release|Any CPU
	EndGlobalSection
	GlobalSection(ProjectConfigurationPlatforms) = postSolution
		{B99FAFD7-F8EE-4085-8ABF-EB2F4801DCA6}.Debug|Any CPU.ActiveCfg = Debug|Any CPU
		{B99FAFD7-F8EE-4085-8ABF-EB2F4801DCA6}.Debug|Any CPU.Build.0 = Debug|Any CPU
		{B99FAFD7-F8EE-4085-8ABF-EB2F4801DCA6}.Release|Any CPU.ActiveCfg = Release|Any CPU
		{B99FAFD7-F8EE-4085-8ABF-EB2F4801DCA6}.Release|Any CPU.Build.0 = Release|Any CPU
		{07A35B7D-CF04-4033-A813-F8DBE176D722}.Debug|Any CPU.ActiveCfg = Debug|Any CPU
		{07A35B7D-CF04-4033-A813-F8DBE176D722}.Debug|Any CPU.Build.0 = Debug|Any CPU
		{07A35B7D-CF04-4033-A813-F8DBE176D722}.Release|Any CPU.ActiveCfg = Release|Any CPU
		{07A35B7D-CF04-4033-A813-F8DBE176D722}.Release|Any CPU.Build.0 = Release|Any CPU
		{68BAE7F0-32D0-41D7-8BAB-8DE7A2F6411C}.Debug|Any CPU.ActiveCfg = Debug|Any CPU
		{68BAE7F0-32D0-41D7-8BAB-8DE7A2F6411C}.Debug|Any CPU.Build.0 = Debug|Any CPU
		{68BAE7F0-32D0-41D7-8BAB-8DE7A2F6411C}.Release|Any CPU.ActiveCfg = Release|Any CPU
		{68BAE7F0-32D0-41D7-8BAB-8DE7A2F6411C}.Release|Any CPU.Build.0 = Release|Any CPU
		{8AC31669-D8DE-460A-84C3-DA19387ECF27}.Debug|Any CPU.ActiveCfg = Debug|Any CPU
		{8AC31669-D8DE-460A-84C3-DA19387ECF27}.Debug|Any CPU.Build.0 = Debug|Any CPU
		{8AC31669-D8DE-460A-84C3-DA19387ECF27}.Release|Any CPU.ActiveCfg = Release|Any CPU
		{8AC31669-D8DE-460A-84C3-DA19387ECF27}.Release|Any CPU.Build.0 = Release|Any CPU
	EndGlobalSection
	GlobalSection(SolutionProperties) = preSolution
		HideSolutionNode = FALSE
	EndGlobalSection
	GlobalSection(ExtensibilityGlobals) = postSolution
		SolutionGuid = {7325AD8E-BAE9-4343-87CF-EA4846F117A6}
	EndGlobalSection
EndGlobal
