
Microsoft Visual Studio Solution File, Format Version 12.00
# Visual Studio Version 17
VisualStudioVersion = 17.0.32014.148
MinimumVisualStudioVersion = 10.0.40219.1
Project("{FAE04EC0-301F-11D3-BF4B-00C04F79EFBC}") = "LucesCasa.Api", "LucesCasa.Api.csproj", "{71807069-F70A-4465-A72F-BCCFCF992418}"
EndProject
Project("{FAE04EC0-301F-11D3-BF4B-00C04F79EFBC}") = "LucesCasa.Models", "..\LucesCasa.Models\LucesCasa.Models.csproj", "{48C697DD-466D-4C78-8F15-0D0D12EF75D5}"
EndProject
Project("{FAE04EC0-301F-11D3-BF4B-00C04F79EFBC}") = "LucesCasa.Backend", "..\LucesCasa.Backend\LucesCasa.Backend.csproj", "{DC3E0D37-FE98-4D5A-A2A8-D542FF9F6FC1}"
EndProject
Global
	GlobalSection(SolutionConfigurationPlatforms) = preSolution
		Debug|Any CPU = Debug|Any CPU
		Release|Any CPU = Release|Any CPU
	EndGlobalSection
	GlobalSection(ProjectConfigurationPlatforms) = postSolution
		{71807069-F70A-4465-A72F-BCCFCF992418}.Debug|Any CPU.ActiveCfg = Debug|Any CPU
		{71807069-F70A-4465-A72F-BCCFCF992418}.Debug|Any CPU.Build.0 = Debug|Any CPU
		{71807069-F70A-4465-A72F-BCCFCF992418}.Release|Any CPU.ActiveCfg = Release|Any CPU
		{71807069-F70A-4465-A72F-BCCFCF992418}.Release|Any CPU.Build.0 = Release|Any CPU
		{48C697DD-466D-4C78-8F15-0D0D12EF75D5}.Debug|Any CPU.ActiveCfg = Debug|Any CPU
		{48C697DD-466D-4C78-8F15-0D0D12EF75D5}.Debug|Any CPU.Build.0 = Debug|Any CPU
		{48C697DD-466D-4C78-8F15-0D0D12EF75D5}.Release|Any CPU.ActiveCfg = Release|Any CPU
		{48C697DD-466D-4C78-8F15-0D0D12EF75D5}.Release|Any CPU.Build.0 = Release|Any CPU
		{DC3E0D37-FE98-4D5A-A2A8-D542FF9F6FC1}.Debug|Any CPU.ActiveCfg = Debug|Any CPU
		{DC3E0D37-FE98-4D5A-A2A8-D542FF9F6FC1}.Debug|Any CPU.Build.0 = Debug|Any CPU
		{DC3E0D37-FE98-4D5A-A2A8-D542FF9F6FC1}.Release|Any CPU.ActiveCfg = Release|Any CPU
		{DC3E0D37-FE98-4D5A-A2A8-D542FF9F6FC1}.Release|Any CPU.Build.0 = Release|Any CPU
	EndGlobalSection
	GlobalSection(SolutionProperties) = preSolution
		HideSolutionNode = FALSE
	EndGlobalSection
	GlobalSection(ExtensibilityGlobals) = postSolution
		SolutionGuid = {7325AD8E-BAE9-4343-87CF-EA4846F117A6}
	EndGlobalSection
EndGlobal
